
Microsoft Visual Studio Solution File, Format Version 12.00
# Visual Studio Version 16
VisualStudioVersion = 16.0.30907.101
MinimumVisualStudioVersion = 10.0.40219.1
Project("{FAE04EC0-301F-11D3-BF4B-00C04F79EFBC}") = "Lab_1", "Lab_1.csproj", "{A9AF287D-E4AA-4DC9-B78D-BD9D65FBC1F9}"
EndProject
Global
	GlobalSection(SolutionConfigurationPlatforms) = preSolution
		Debug|Any CPU = Debug|Any CPU
		Release|Any CPU = Release|Any CPU
	EndGlobalSection
	GlobalSection(ProjectConfigurationPlatforms) = postSolution
		{A9AF287D-E4AA-4DC9-B78D-BD9D65FBC1F9}.Debug|Any CPU.ActiveCfg = Debug|Any CPU
		{A9AF287D-E4AA-4DC9-B78D-BD9D65FBC1F9}.Debug|Any CPU.Build.0 = Debug|Any CPU
		{A9AF287D-E4AA-4DC9-B78D-BD9D65FBC1F9}.Release|Any CPU.ActiveCfg = Release|Any CPU
		{A9AF287D-E4AA-4DC9-B78D-BD9D65FBC1F9}.Release|Any CPU.Build.0 = Release|Any CPU
	EndGlobalSection
	GlobalSection(SolutionProperties) = preSolution
		HideSolutionNode = FALSE
	EndGlobalSection
	GlobalSection(ExtensibilityGlobals) = postSolution
		SolutionGuid = {11D300A2-8DAF-4910-B4F9-00F4B74FF97E}
	EndGlobalSection
EndGlobal
