
Microsoft Visual Studio Solution File, Format Version 12.00
# Visual Studio Version 16
VisualStudioVersion = 16.0.30413.136
MinimumVisualStudioVersion = 10.0.40219.1
Project("{FAE04EC0-301F-11D3-BF4B-00C04F79EFBC}") = "Lab 4", "Lab 4\Lab 4.csproj", "{EDC10DD1-C534-4757-8F3B-D8E90264C888}"
EndProject
Global
	GlobalSection(SolutionConfigurationPlatforms) = preSolution
		Debug|Any CPU = Debug|Any CPU
		Release|Any CPU = Release|Any CPU
	EndGlobalSection
	GlobalSection(ProjectConfigurationPlatforms) = postSolution
		{EDC10DD1-C534-4757-8F3B-D8E90264C888}.Debug|Any CPU.ActiveCfg = Debug|Any CPU
		{EDC10DD1-C534-4757-8F3B-D8E90264C888}.Debug|Any CPU.Build.0 = Debug|Any CPU
		{EDC10DD1-C534-4757-8F3B-D8E90264C888}.Release|Any CPU.ActiveCfg = Release|Any CPU
		{EDC10DD1-C534-4757-8F3B-D8E90264C888}.Release|Any CPU.Build.0 = Release|Any CPU
	EndGlobalSection
	GlobalSection(SolutionProperties) = preSolution
		HideSolutionNode = FALSE
	EndGlobalSection
	GlobalSection(ExtensibilityGlobals) = postSolution
		SolutionGuid = {DAFD7F5E-8C22-4301-A2E8-7A11D9E829B0}
	EndGlobalSection
EndGlobal
