
Microsoft Visual Studio Solution File, Format Version 12.00
# Visual Studio Version 16
VisualStudioVersion = 16.0.31005.135
MinimumVisualStudioVersion = 10.0.40219.1
Project("{9A19103F-16F7-4668-BE54-9A1E7A4F7556}") = "Lab5", "Lab5.csproj", "{900FFDE1-A711-4F37-8248-F6DF6531B07A}"
EndProject
Project("{9A19103F-16F7-4668-BE54-9A1E7A4F7556}") = "PartsStore", "PartsStore\PartsStore.csproj", "{9059F7AB-C863-4068-B669-95B73CAF59F7}"
EndProject
Project("{9A19103F-16F7-4668-BE54-9A1E7A4F7556}") = "UnitTesting", "UnitTesting\UnitTesting.csproj", "{FDE074FA-C9A9-47AF-947C-62398207788F}"
EndProject
Global
	GlobalSection(SolutionConfigurationPlatforms) = preSolution
		Debug|Any CPU = Debug|Any CPU
		Release|Any CPU = Release|Any CPU
	EndGlobalSection
	GlobalSection(ProjectConfigurationPlatforms) = postSolution
		{900FFDE1-A711-4F37-8248-F6DF6531B07A}.Debug|Any CPU.ActiveCfg = Debug|Any CPU
		{900FFDE1-A711-4F37-8248-F6DF6531B07A}.Debug|Any CPU.Build.0 = Debug|Any CPU
		{900FFDE1-A711-4F37-8248-F6DF6531B07A}.Release|Any CPU.ActiveCfg = Release|Any CPU
		{900FFDE1-A711-4F37-8248-F6DF6531B07A}.Release|Any CPU.Build.0 = Release|Any CPU
		{9059F7AB-C863-4068-B669-95B73CAF59F7}.Debug|Any CPU.ActiveCfg = Debug|Any CPU
		{9059F7AB-C863-4068-B669-95B73CAF59F7}.Debug|Any CPU.Build.0 = Debug|Any CPU
		{9059F7AB-C863-4068-B669-95B73CAF59F7}.Release|Any CPU.ActiveCfg = Release|Any CPU
		{9059F7AB-C863-4068-B669-95B73CAF59F7}.Release|Any CPU.Build.0 = Release|Any CPU
		{FDE074FA-C9A9-47AF-947C-62398207788F}.Debug|Any CPU.ActiveCfg = Debug|Any CPU
		{FDE074FA-C9A9-47AF-947C-62398207788F}.Debug|Any CPU.Build.0 = Debug|Any CPU
		{FDE074FA-C9A9-47AF-947C-62398207788F}.Release|Any CPU.ActiveCfg = Release|Any CPU
		{FDE074FA-C9A9-47AF-947C-62398207788F}.Release|Any CPU.Build.0 = Release|Any CPU
	EndGlobalSection
	GlobalSection(SolutionProperties) = preSolution
		HideSolutionNode = FALSE
	EndGlobalSection
	GlobalSection(ExtensibilityGlobals) = postSolution
		SolutionGuid = {27FB41E5-1800-4975-843A-D62BB3A70CBA}
	EndGlobalSection
EndGlobal
