
Microsoft Visual Studio Solution File, Format Version 12.00
# Visual Studio Version 16
VisualStudioVersion = 16.0.31112.23
MinimumVisualStudioVersion = 10.0.40219.1
Project("{FAE04EC0-301F-11D3-BF4B-00C04F79EFBC}") = "Lab9", "Lab9\Lab9.csproj", "{70483258-3041-4934-99D3-87509D56B4CE}"
EndProject
Project("{FAE04EC0-301F-11D3-BF4B-00C04F79EFBC}") = "Lab 10", "Lab 10\Lab 10.csproj", "{EB046FBF-A6FF-4056-B86B-0731117B868F}"
EndProject
Global
	GlobalSection(SolutionConfigurationPlatforms) = preSolution
		Debug|Any CPU = Debug|Any CPU
		Release|Any CPU = Release|Any CPU
	EndGlobalSection
	GlobalSection(ProjectConfigurationPlatforms) = postSolution
		{70483258-3041-4934-99D3-87509D56B4CE}.Debug|Any CPU.ActiveCfg = Debug|Any CPU
		{70483258-3041-4934-99D3-87509D56B4CE}.Debug|Any CPU.Build.0 = Debug|Any CPU
		{70483258-3041-4934-99D3-87509D56B4CE}.Release|Any CPU.ActiveCfg = Release|Any CPU
		{70483258-3041-4934-99D3-87509D56B4CE}.Release|Any CPU.Build.0 = Release|Any CPU
		{EB046FBF-A6FF-4056-B86B-0731117B868F}.Debug|Any CPU.ActiveCfg = Debug|Any CPU
		{EB046FBF-A6FF-4056-B86B-0731117B868F}.Debug|Any CPU.Build.0 = Debug|Any CPU
		{EB046FBF-A6FF-4056-B86B-0731117B868F}.Release|Any CPU.ActiveCfg = Release|Any CPU
		{EB046FBF-A6FF-4056-B86B-0731117B868F}.Release|Any CPU.Build.0 = Release|Any CPU
	EndGlobalSection
	GlobalSection(SolutionProperties) = preSolution
		HideSolutionNode = FALSE
	EndGlobalSection
	GlobalSection(ExtensibilityGlobals) = postSolution
		SolutionGuid = {377418BC-F5B4-4CC6-B25B-E8992F994049}
	EndGlobalSection
EndGlobal
