
Microsoft Visual Studio Solution File, Format Version 12.00
# Visual Studio Version 16
VisualStudioVersion = 16.0.30711.63
MinimumVisualStudioVersion = 10.0.40219.1
Project("{FAE04EC0-301F-11D3-BF4B-00C04F79EFBC}") = "Lab14", "Lab14.csproj", "{1E2E8994-D51D-4996-AA77-844D96C1E3FB}"
EndProject
Global
	GlobalSection(SolutionConfigurationPlatforms) = preSolution
		Debug|Any CPU = Debug|Any CPU
		Release|Any CPU = Release|Any CPU
	EndGlobalSection
	GlobalSection(ProjectConfigurationPlatforms) = postSolution
		{1E2E8994-D51D-4996-AA77-844D96C1E3FB}.Debug|Any CPU.ActiveCfg = Debug|Any CPU
		{1E2E8994-D51D-4996-AA77-844D96C1E3FB}.Debug|Any CPU.Build.0 = Debug|Any CPU
		{1E2E8994-D51D-4996-AA77-844D96C1E3FB}.Release|Any CPU.ActiveCfg = Release|Any CPU
		{1E2E8994-D51D-4996-AA77-844D96C1E3FB}.Release|Any CPU.Build.0 = Release|Any CPU
	EndGlobalSection
	GlobalSection(SolutionProperties) = preSolution
		HideSolutionNode = FALSE
	EndGlobalSection
	GlobalSection(ExtensibilityGlobals) = postSolution
		SolutionGuid = {C5E2F0FC-69A5-41FA-AA74-546B3F57E850}
	EndGlobalSection
EndGlobal
