
Microsoft Visual Studio Solution File, Format Version 12.00
# Visual Studio Version 16
VisualStudioVersion = 16.0.30413.136
MinimumVisualStudioVersion = 10.0.40219.1
Project("{FAE04EC0-301F-11D3-BF4B-00C04F79EFBC}") = "Program 1", "Program 1\Program 1.csproj", "{D33DA4C5-E5C1-4818-83F8-696E646D3E9E}"
EndProject
Global
	GlobalSection(SolutionConfigurationPlatforms) = preSolution
		Debug|Any CPU = Debug|Any CPU
		Release|Any CPU = Release|Any CPU
	EndGlobalSection
	GlobalSection(ProjectConfigurationPlatforms) = postSolution
		{D33DA4C5-E5C1-4818-83F8-696E646D3E9E}.Debug|Any CPU.ActiveCfg = Debug|Any CPU
		{D33DA4C5-E5C1-4818-83F8-696E646D3E9E}.Debug|Any CPU.Build.0 = Debug|Any CPU
		{D33DA4C5-E5C1-4818-83F8-696E646D3E9E}.Release|Any CPU.ActiveCfg = Release|Any CPU
		{D33DA4C5-E5C1-4818-83F8-696E646D3E9E}.Release|Any CPU.Build.0 = Release|Any CPU
	EndGlobalSection
	GlobalSection(SolutionProperties) = preSolution
		HideSolutionNode = FALSE
	EndGlobalSection
	GlobalSection(ExtensibilityGlobals) = postSolution
		SolutionGuid = {AEC90AED-1D5B-4839-9B00-3497B7F474EE}
	EndGlobalSection
EndGlobal
