
Microsoft Visual Studio Solution File, Format Version 12.00
# Visual Studio Version 16
VisualStudioVersion = 16.0.30413.136
MinimumVisualStudioVersion = 10.0.40219.1
Project("{FAE04EC0-301F-11D3-BF4B-00C04F79EFBC}") = "Lab9", "Lab9.csproj", "{866DAE21-649A-41FE-AEE7-6CCB1C1E90F0}"
EndProject
Project("{FAE04EC0-301F-11D3-BF4B-00C04F79EFBC}") = "lab9_regex", "lab9_regex\lab9_regex.csproj", "{291F139F-63DA-40B7-9C82-E0B9F079326D}"
EndProject
Global
	GlobalSection(SolutionConfigurationPlatforms) = preSolution
		Debug|Any CPU = Debug|Any CPU
		Release|Any CPU = Release|Any CPU
	EndGlobalSection
	GlobalSection(ProjectConfigurationPlatforms) = postSolution
		{866DAE21-649A-41FE-AEE7-6CCB1C1E90F0}.Debug|Any CPU.ActiveCfg = Debug|Any CPU
		{866DAE21-649A-41FE-AEE7-6CCB1C1E90F0}.Debug|Any CPU.Build.0 = Debug|Any CPU
		{866DAE21-649A-41FE-AEE7-6CCB1C1E90F0}.Release|Any CPU.ActiveCfg = Release|Any CPU
		{866DAE21-649A-41FE-AEE7-6CCB1C1E90F0}.Release|Any CPU.Build.0 = Release|Any CPU
		{291F139F-63DA-40B7-9C82-E0B9F079326D}.Debug|Any CPU.ActiveCfg = Debug|Any CPU
		{291F139F-63DA-40B7-9C82-E0B9F079326D}.Debug|Any CPU.Build.0 = Debug|Any CPU
		{291F139F-63DA-40B7-9C82-E0B9F079326D}.Release|Any CPU.ActiveCfg = Release|Any CPU
		{291F139F-63DA-40B7-9C82-E0B9F079326D}.Release|Any CPU.Build.0 = Release|Any CPU
	EndGlobalSection
	GlobalSection(SolutionProperties) = preSolution
		HideSolutionNode = FALSE
	EndGlobalSection
	GlobalSection(ExtensibilityGlobals) = postSolution
		SolutionGuid = {CE480F9A-CCFE-45F9-AF4C-4ACA371186ED}
	EndGlobalSection
EndGlobal
